
Microsoft Visual Studio Solution File, Format Version 12.00
# Visual Studio 15
VisualStudioVersion = 15.0.28307.852
MinimumVisualStudioVersion = 10.0.40219.1
Project("{9A19103F-16F7-4668-BE54-9A1E7A4F7556}") = "ArticleManagement", "ArticleManagement\ArticleManagement.csproj", "{68A74ABA-AB1A-4781-B464-FD3874E101B8}"
EndProject
Project("{9A19103F-16F7-4668-BE54-9A1E7A4F7556}") = "AM.Api", "AM.Api\AM.Api.csproj", "{1F31F1EA-198D-41B0-A784-E92C4EA29936}"
EndProject
Project("{FAE04EC0-301F-11D3-BF4B-00C04F79EFBC}") = "AM.Data", "AM.Data\AM.Data.csproj", "{5B80B1E7-46DB-46D9-8B18-0D779B0C0CE8}"
EndProject
Project("{FAE04EC0-301F-11D3-BF4B-00C04F79EFBC}") = "AM.Service", "AM.Service\AM.Service.csproj", "{9E4D5738-020B-4E61-91E3-29C35A1CFF85}"
EndProject
Project("{FAE04EC0-301F-11D3-BF4B-00C04F79EFBC}") = "AM.Reopsitory", "AM.Reopsitory\AM.Reopsitory.csproj", "{D83AD64D-C5D1-4575-BCF7-C3970AE4DC0D}"
EndProject
Global
	GlobalSection(SolutionConfigurationPlatforms) = preSolution
		Debug|Any CPU = Debug|Any CPU
		Release|Any CPU = Release|Any CPU
	EndGlobalSection
	GlobalSection(ProjectConfigurationPlatforms) = postSolution
		{68A74ABA-AB1A-4781-B464-FD3874E101B8}.Debug|Any CPU.ActiveCfg = Debug|Any CPU
		{68A74ABA-AB1A-4781-B464-FD3874E101B8}.Debug|Any CPU.Build.0 = Debug|Any CPU
		{68A74ABA-AB1A-4781-B464-FD3874E101B8}.Release|Any CPU.ActiveCfg = Release|Any CPU
		{68A74ABA-AB1A-4781-B464-FD3874E101B8}.Release|Any CPU.Build.0 = Release|Any CPU
		{1F31F1EA-198D-41B0-A784-E92C4EA29936}.Debug|Any CPU.ActiveCfg = Debug|Any CPU
		{1F31F1EA-198D-41B0-A784-E92C4EA29936}.Debug|Any CPU.Build.0 = Debug|Any CPU
		{1F31F1EA-198D-41B0-A784-E92C4EA29936}.Release|Any CPU.ActiveCfg = Release|Any CPU
		{1F31F1EA-198D-41B0-A784-E92C4EA29936}.Release|Any CPU.Build.0 = Release|Any CPU
		{5B80B1E7-46DB-46D9-8B18-0D779B0C0CE8}.Debug|Any CPU.ActiveCfg = Debug|Any CPU
		{5B80B1E7-46DB-46D9-8B18-0D779B0C0CE8}.Debug|Any CPU.Build.0 = Debug|Any CPU
		{5B80B1E7-46DB-46D9-8B18-0D779B0C0CE8}.Release|Any CPU.ActiveCfg = Release|Any CPU
		{5B80B1E7-46DB-46D9-8B18-0D779B0C0CE8}.Release|Any CPU.Build.0 = Release|Any CPU
		{9E4D5738-020B-4E61-91E3-29C35A1CFF85}.Debug|Any CPU.ActiveCfg = Debug|Any CPU
		{9E4D5738-020B-4E61-91E3-29C35A1CFF85}.Debug|Any CPU.Build.0 = Debug|Any CPU
		{9E4D5738-020B-4E61-91E3-29C35A1CFF85}.Release|Any CPU.ActiveCfg = Release|Any CPU
		{9E4D5738-020B-4E61-91E3-29C35A1CFF85}.Release|Any CPU.Build.0 = Release|Any CPU
		{D83AD64D-C5D1-4575-BCF7-C3970AE4DC0D}.Debug|Any CPU.ActiveCfg = Debug|Any CPU
		{D83AD64D-C5D1-4575-BCF7-C3970AE4DC0D}.Debug|Any CPU.Build.0 = Debug|Any CPU
		{D83AD64D-C5D1-4575-BCF7-C3970AE4DC0D}.Release|Any CPU.ActiveCfg = Release|Any CPU
		{D83AD64D-C5D1-4575-BCF7-C3970AE4DC0D}.Release|Any CPU.Build.0 = Release|Any CPU
	EndGlobalSection
	GlobalSection(SolutionProperties) = preSolution
		HideSolutionNode = FALSE
	EndGlobalSection
	GlobalSection(ExtensibilityGlobals) = postSolution
		SolutionGuid = {33EF68CC-66A0-423F-A32B-A5F867350829}
	EndGlobalSection
EndGlobal
